
Microsoft Visual Studio Solution File, Format Version 12.00
# Visual Studio Version 16
VisualStudioVersion = 16.0.30804.86
MinimumVisualStudioVersion = 10.0.40219.1
Project("{FAE04EC0-301F-11D3-BF4B-00C04F79EFBC}") = "1", "1\1.csproj", "{7D626ABA-9D60-4AE3-8666-067930475A06}"
EndProject
Global
	GlobalSection(SolutionConfigurationPlatforms) = preSolution
		Debug|Any CPU = Debug|Any CPU
		Release|Any CPU = Release|Any CPU
	EndGlobalSection
	GlobalSection(ProjectConfigurationPlatforms) = postSolution
		{7D626ABA-9D60-4AE3-8666-067930475A06}.Debug|Any CPU.ActiveCfg = Debug|Any CPU
		{7D626ABA-9D60-4AE3-8666-067930475A06}.Debug|Any CPU.Build.0 = Debug|Any CPU
		{7D626ABA-9D60-4AE3-8666-067930475A06}.Release|Any CPU.ActiveCfg = Release|Any CPU
		{7D626ABA-9D60-4AE3-8666-067930475A06}.Release|Any CPU.Build.0 = Release|Any CPU
	EndGlobalSection
	GlobalSection(SolutionProperties) = preSolution
		HideSolutionNode = FALSE
	EndGlobalSection
	GlobalSection(ExtensibilityGlobals) = postSolution
		SolutionGuid = {E2BFE27D-84F9-40B7-B80F-23233E419E80}
	EndGlobalSection
EndGlobal
